
Microsoft Visual Studio Solution File, Format Version 12.00
# Visual Studio Version 17
VisualStudioVersion = 17.10.35027.167
MinimumVisualStudioVersion = 10.0.40219.1
Project("{9A19103F-16F7-4668-BE54-9A1E7A4F7556}") = "EduQuest.Web", "EduQuest.Web\EduQuest.Web.csproj", "{2E17877C-606B-47C8-8346-318D760F7103}"
EndProject
Project("{FAE04EC0-301F-11D3-BF4B-00C04F79EFBC}") = "EduQuest.Infrastructure", "EduQuest.Infrastructure\EduQuest.Infrastructure.csproj", "{5CB75FBB-9474-40A6-B6F1-60B32FA7535D}"
EndProject
Project("{FAE04EC0-301F-11D3-BF4B-00C04F79EFBC}") = "EduQuest.Domain", "EduQuest.Domain\EduQuest.Domain.csproj", "{7EE9931D-EF44-435C-B26E-62ECF1089C6D}"
EndProject
Global
	GlobalSection(SolutionConfigurationPlatforms) = preSolution
		Debug|Any CPU = Debug|Any CPU
		Release|Any CPU = Release|Any CPU
	EndGlobalSection
	GlobalSection(ProjectConfigurationPlatforms) = postSolution
		{2E17877C-606B-47C8-8346-318D760F7103}.Debug|Any CPU.ActiveCfg = Debug|Any CPU
		{2E17877C-606B-47C8-8346-318D760F7103}.Debug|Any CPU.Build.0 = Debug|Any CPU
		{2E17877C-606B-47C8-8346-318D760F7103}.Release|Any CPU.ActiveCfg = Release|Any CPU
		{2E17877C-606B-47C8-8346-318D760F7103}.Release|Any CPU.Build.0 = Release|Any CPU
		{5CB75FBB-9474-40A6-B6F1-60B32FA7535D}.Debug|Any CPU.ActiveCfg = Debug|Any CPU
		{5CB75FBB-9474-40A6-B6F1-60B32FA7535D}.Debug|Any CPU.Build.0 = Debug|Any CPU
		{5CB75FBB-9474-40A6-B6F1-60B32FA7535D}.Release|Any CPU.ActiveCfg = Release|Any CPU
		{5CB75FBB-9474-40A6-B6F1-60B32FA7535D}.Release|Any CPU.Build.0 = Release|Any CPU
		{7EE9931D-EF44-435C-B26E-62ECF1089C6D}.Debug|Any CPU.ActiveCfg = Debug|Any CPU
		{7EE9931D-EF44-435C-B26E-62ECF1089C6D}.Debug|Any CPU.Build.0 = Debug|Any CPU
		{7EE9931D-EF44-435C-B26E-62ECF1089C6D}.Release|Any CPU.ActiveCfg = Release|Any CPU
		{7EE9931D-EF44-435C-B26E-62ECF1089C6D}.Release|Any CPU.Build.0 = Release|Any CPU
	EndGlobalSection
	GlobalSection(SolutionProperties) = preSolution
		HideSolutionNode = FALSE
	EndGlobalSection
	GlobalSection(ExtensibilityGlobals) = postSolution
		SolutionGuid = {5DD5817D-25F7-4F67-80FC-053783B53E2A}
	EndGlobalSection
EndGlobal
